
Microsoft Visual Studio Solution File, Format Version 12.00
# Visual Studio 15
VisualStudioVersion = 15.0.27004.2005
MinimumVisualStudioVersion = 10.0.40219.1
Project("{FAE04EC0-301F-11D3-BF4B-00C04F79EFBC}") = "InputDriver", "InputDriver\InputDriver.csproj", "{D405FE96-2232-4D0C-9764-A8FCF0D5E26F}"
EndProject
Project("{FAE04EC0-301F-11D3-BF4B-00C04F79EFBC}") = "MonoGameFastTrack", "MonoGameFastTrack\MonoGameFastTrack.csproj", "{5EADCEEF-F740-4D85-8F91-1D687C97F6E2}"
EndProject
Project("{2150E333-8FDC-42A3-9474-1A3956D46DE8}") = "DevelopmentDriving", "DevelopmentDriving", "{22531B88-8CE5-4822-8389-650268F7FA3C}"
EndProject
Project("{FAE04EC0-301F-11D3-BF4B-00C04F79EFBC}") = "MenuDriver", "MenuDriver\MenuDriver.csproj", "{AABDE8E7-AC36-4F67-80DF-822F13E2BAEF}"
EndProject
Project("{FAE04EC0-301F-11D3-BF4B-00C04F79EFBC}") = "FiniteStateMachineDriver", "FiniteStateMachineDriver\FiniteStateMachineDriver.csproj", "{A15AD9A4-49B1-4E08-A60B-2D8ADECABAC5}"
EndProject
Project("{FAE04EC0-301F-11D3-BF4B-00C04F79EFBC}") = "GraphDriver", "GraphDriver\GraphDriver.csproj", "{E1FD4851-C41C-4920-8039-16CC7047C067}"
EndProject
Project("{FAE04EC0-301F-11D3-BF4B-00C04F79EFBC}") = "OverlayDriver", "OverlayDriver\OverlayDriver.csproj", "{6C6019DE-2DA1-4C5E-90DB-C2943EAA6CCE}"
EndProject
Global
	GlobalSection(SolutionConfigurationPlatforms) = preSolution
		Debug|Any CPU = Debug|Any CPU
		Debug|x86 = Debug|x86
		Release|Any CPU = Release|Any CPU
		Release|x86 = Release|x86
	EndGlobalSection
	GlobalSection(ProjectConfigurationPlatforms) = postSolution
		{D405FE96-2232-4D0C-9764-A8FCF0D5E26F}.Debug|Any CPU.ActiveCfg = Debug|x86
		{D405FE96-2232-4D0C-9764-A8FCF0D5E26F}.Debug|Any CPU.Build.0 = Debug|x86
		{D405FE96-2232-4D0C-9764-A8FCF0D5E26F}.Debug|x86.ActiveCfg = Debug|x86
		{D405FE96-2232-4D0C-9764-A8FCF0D5E26F}.Debug|x86.Build.0 = Debug|x86
		{D405FE96-2232-4D0C-9764-A8FCF0D5E26F}.Release|Any CPU.ActiveCfg = Release|x86
		{D405FE96-2232-4D0C-9764-A8FCF0D5E26F}.Release|x86.ActiveCfg = Release|x86
		{D405FE96-2232-4D0C-9764-A8FCF0D5E26F}.Release|x86.Build.0 = Release|x86
		{5EADCEEF-F740-4D85-8F91-1D687C97F6E2}.Debug|Any CPU.ActiveCfg = Debug|Any CPU
		{5EADCEEF-F740-4D85-8F91-1D687C97F6E2}.Debug|Any CPU.Build.0 = Debug|Any CPU
		{5EADCEEF-F740-4D85-8F91-1D687C97F6E2}.Debug|x86.ActiveCfg = Debug|Any CPU
		{5EADCEEF-F740-4D85-8F91-1D687C97F6E2}.Debug|x86.Build.0 = Debug|Any CPU
		{5EADCEEF-F740-4D85-8F91-1D687C97F6E2}.Release|Any CPU.ActiveCfg = Release|Any CPU
		{5EADCEEF-F740-4D85-8F91-1D687C97F6E2}.Release|Any CPU.Build.0 = Release|Any CPU
		{5EADCEEF-F740-4D85-8F91-1D687C97F6E2}.Release|x86.ActiveCfg = Release|Any CPU
		{5EADCEEF-F740-4D85-8F91-1D687C97F6E2}.Release|x86.Build.0 = Release|Any CPU
		{AABDE8E7-AC36-4F67-80DF-822F13E2BAEF}.Debug|Any CPU.ActiveCfg = Debug|x86
		{AABDE8E7-AC36-4F67-80DF-822F13E2BAEF}.Debug|Any CPU.Build.0 = Debug|x86
		{AABDE8E7-AC36-4F67-80DF-822F13E2BAEF}.Debug|x86.ActiveCfg = Debug|x86
		{AABDE8E7-AC36-4F67-80DF-822F13E2BAEF}.Debug|x86.Build.0 = Debug|x86
		{AABDE8E7-AC36-4F67-80DF-822F13E2BAEF}.Release|Any CPU.ActiveCfg = Release|x86
		{AABDE8E7-AC36-4F67-80DF-822F13E2BAEF}.Release|x86.ActiveCfg = Release|x86
		{AABDE8E7-AC36-4F67-80DF-822F13E2BAEF}.Release|x86.Build.0 = Release|x86
		{A15AD9A4-49B1-4E08-A60B-2D8ADECABAC5}.Debug|Any CPU.ActiveCfg = Debug|x86
		{A15AD9A4-49B1-4E08-A60B-2D8ADECABAC5}.Debug|Any CPU.Build.0 = Debug|x86
		{A15AD9A4-49B1-4E08-A60B-2D8ADECABAC5}.Debug|x86.ActiveCfg = Debug|x86
		{A15AD9A4-49B1-4E08-A60B-2D8ADECABAC5}.Debug|x86.Build.0 = Debug|x86
		{A15AD9A4-49B1-4E08-A60B-2D8ADECABAC5}.Release|Any CPU.ActiveCfg = Release|x86
		{A15AD9A4-49B1-4E08-A60B-2D8ADECABAC5}.Release|x86.ActiveCfg = Release|x86
		{A15AD9A4-49B1-4E08-A60B-2D8ADECABAC5}.Release|x86.Build.0 = Release|x86
		{E1FD4851-C41C-4920-8039-16CC7047C067}.Debug|Any CPU.ActiveCfg = Debug|x86
		{E1FD4851-C41C-4920-8039-16CC7047C067}.Debug|Any CPU.Build.0 = Debug|x86
		{E1FD4851-C41C-4920-8039-16CC7047C067}.Debug|x86.ActiveCfg = Debug|x86
		{E1FD4851-C41C-4920-8039-16CC7047C067}.Debug|x86.Build.0 = Debug|x86
		{E1FD4851-C41C-4920-8039-16CC7047C067}.Release|Any CPU.ActiveCfg = Release|x86
		{E1FD4851-C41C-4920-8039-16CC7047C067}.Release|x86.ActiveCfg = Release|x86
		{E1FD4851-C41C-4920-8039-16CC7047C067}.Release|x86.Build.0 = Release|x86
		{6C6019DE-2DA1-4C5E-90DB-C2943EAA6CCE}.Debug|Any CPU.ActiveCfg = Debug|x86
		{6C6019DE-2DA1-4C5E-90DB-C2943EAA6CCE}.Debug|x86.ActiveCfg = Debug|x86
		{6C6019DE-2DA1-4C5E-90DB-C2943EAA6CCE}.Debug|x86.Build.0 = Debug|x86
		{6C6019DE-2DA1-4C5E-90DB-C2943EAA6CCE}.Release|Any CPU.ActiveCfg = Release|x86
		{6C6019DE-2DA1-4C5E-90DB-C2943EAA6CCE}.Release|x86.ActiveCfg = Release|x86
		{6C6019DE-2DA1-4C5E-90DB-C2943EAA6CCE}.Release|x86.Build.0 = Release|x86
	EndGlobalSection
	GlobalSection(SolutionProperties) = preSolution
		HideSolutionNode = FALSE
	EndGlobalSection
	GlobalSection(NestedProjects) = preSolution
		{D405FE96-2232-4D0C-9764-A8FCF0D5E26F} = {22531B88-8CE5-4822-8389-650268F7FA3C}
		{AABDE8E7-AC36-4F67-80DF-822F13E2BAEF} = {22531B88-8CE5-4822-8389-650268F7FA3C}
		{A15AD9A4-49B1-4E08-A60B-2D8ADECABAC5} = {22531B88-8CE5-4822-8389-650268F7FA3C}
		{E1FD4851-C41C-4920-8039-16CC7047C067} = {22531B88-8CE5-4822-8389-650268F7FA3C}
		{6C6019DE-2DA1-4C5E-90DB-C2943EAA6CCE} = {22531B88-8CE5-4822-8389-650268F7FA3C}
	EndGlobalSection
	GlobalSection(ExtensibilityGlobals) = postSolution
		SolutionGuid = {5C2A1542-1F36-4BF2-A74A-B0ECCB893FED}
	EndGlobalSection
EndGlobal
