
Microsoft Visual Studio Solution File, Format Version 12.00
# Visual Studio 14
VisualStudioVersion = 14.0.25420.1
MinimumVisualStudioVersion = 10.0.40219.1
Project("{FAE04EC0-301F-11D3-BF4B-00C04F79EFBC}") = "MonoGameFastTrack", "MonoGameFastTrack\MonoGameFastTrack.csproj", "{5EADCEEF-F740-4D85-8F91-1D687C97F6E2}"
EndProject
Project("{2150E333-8FDC-42A3-9474-1A3956D46DE8}") = "Tests", "Tests", "{B29F2FD6-419D-4C1C-B169-1DC9CCA2B173}"
EndProject
Project("{FAE04EC0-301F-11D3-BF4B-00C04F79EFBC}") = "InputTests", "InputTests\InputTests.csproj", "{95AF747D-6CEA-49EA-8F6C-23393C457596}"
EndProject
Project("{FAE04EC0-301F-11D3-BF4B-00C04F79EFBC}") = "MenuTests", "MenuTests\MenuTests.csproj", "{1F70AD16-23BC-4617-A8B3-6793CD051EA2}"
EndProject
Global
	GlobalSection(SolutionConfigurationPlatforms) = preSolution
		Debug|Any CPU = Debug|Any CPU
		Debug|x86 = Debug|x86
		Release|Any CPU = Release|Any CPU
		Release|x86 = Release|x86
	EndGlobalSection
	GlobalSection(ProjectConfigurationPlatforms) = postSolution
		{5EADCEEF-F740-4D85-8F91-1D687C97F6E2}.Debug|Any CPU.ActiveCfg = Debug|Any CPU
		{5EADCEEF-F740-4D85-8F91-1D687C97F6E2}.Debug|Any CPU.Build.0 = Debug|Any CPU
		{5EADCEEF-F740-4D85-8F91-1D687C97F6E2}.Debug|x86.ActiveCfg = Debug|Any CPU
		{5EADCEEF-F740-4D85-8F91-1D687C97F6E2}.Debug|x86.Build.0 = Debug|Any CPU
		{5EADCEEF-F740-4D85-8F91-1D687C97F6E2}.Release|Any CPU.ActiveCfg = Release|Any CPU
		{5EADCEEF-F740-4D85-8F91-1D687C97F6E2}.Release|Any CPU.Build.0 = Release|Any CPU
		{5EADCEEF-F740-4D85-8F91-1D687C97F6E2}.Release|x86.ActiveCfg = Release|Any CPU
		{5EADCEEF-F740-4D85-8F91-1D687C97F6E2}.Release|x86.Build.0 = Release|Any CPU
		{95AF747D-6CEA-49EA-8F6C-23393C457596}.Debug|Any CPU.ActiveCfg = Debug|Any CPU
		{95AF747D-6CEA-49EA-8F6C-23393C457596}.Debug|Any CPU.Build.0 = Debug|Any CPU
		{95AF747D-6CEA-49EA-8F6C-23393C457596}.Debug|x86.ActiveCfg = Debug|Any CPU
		{95AF747D-6CEA-49EA-8F6C-23393C457596}.Debug|x86.Build.0 = Debug|Any CPU
		{95AF747D-6CEA-49EA-8F6C-23393C457596}.Release|Any CPU.ActiveCfg = Release|Any CPU
		{95AF747D-6CEA-49EA-8F6C-23393C457596}.Release|Any CPU.Build.0 = Release|Any CPU
		{95AF747D-6CEA-49EA-8F6C-23393C457596}.Release|x86.ActiveCfg = Release|Any CPU
		{95AF747D-6CEA-49EA-8F6C-23393C457596}.Release|x86.Build.0 = Release|Any CPU
		{1F70AD16-23BC-4617-A8B3-6793CD051EA2}.Debug|Any CPU.ActiveCfg = Debug|Any CPU
		{1F70AD16-23BC-4617-A8B3-6793CD051EA2}.Debug|Any CPU.Build.0 = Debug|Any CPU
		{1F70AD16-23BC-4617-A8B3-6793CD051EA2}.Debug|x86.ActiveCfg = Debug|Any CPU
		{1F70AD16-23BC-4617-A8B3-6793CD051EA2}.Debug|x86.Build.0 = Debug|Any CPU
		{1F70AD16-23BC-4617-A8B3-6793CD051EA2}.Release|Any CPU.ActiveCfg = Release|Any CPU
		{1F70AD16-23BC-4617-A8B3-6793CD051EA2}.Release|Any CPU.Build.0 = Release|Any CPU
		{1F70AD16-23BC-4617-A8B3-6793CD051EA2}.Release|x86.ActiveCfg = Release|Any CPU
		{1F70AD16-23BC-4617-A8B3-6793CD051EA2}.Release|x86.Build.0 = Release|Any CPU
	EndGlobalSection
	GlobalSection(SolutionProperties) = preSolution
		HideSolutionNode = FALSE
	EndGlobalSection
	GlobalSection(NestedProjects) = preSolution
		{95AF747D-6CEA-49EA-8F6C-23393C457596} = {B29F2FD6-419D-4C1C-B169-1DC9CCA2B173}
		{1F70AD16-23BC-4617-A8B3-6793CD051EA2} = {B29F2FD6-419D-4C1C-B169-1DC9CCA2B173}
	EndGlobalSection
EndGlobal
